# This file is autogenerated, do not edit; changes may be undone by the next 'dep ensure'.


[[projects]]
  digest = "1:e692d16fdfbddb94e9e4886aaf6c08bdbae5cb4ac80651445de9181b371c6e46"
  name = "github.com/go-sql-driver/mysql"
  packages = ["."]
  pruneopts = ""
  revision = "72cd26f257d44c1114970e19afddcd812016007e"
  version = "v1.4.1"

[[projects]]
  digest = "1:b0f81d29fcc8df568a060df5ef86e6aed544003e2c65007541cca17a83605768"
  name = "github.com/go-telegram-bot-api/telegram-bot-api"
  packages = ["."]
  pruneopts = ""
  revision = "9860bdfd3a171ceafb6e1eafa163482a6ef92643"
  version = "v4.6.4"

[[projects]]
  branch = "master"
  digest = "1:4ba2dcbfab9b574d8a585c07b79bace8e3301e0566156cd3e330151eae10f60c"
  name = "github.com/streadway/amqp"
  packages = ["."]
  pruneopts = ""
  revision = "edfb9018d2714e4ec54dbaba37dbfef2bdadf0e4"

[[projects]]
  digest = "1:3bfdafac43ceb125f775eb79b8ee8f1e976e227464434ffad40f956ac029e760"
  name = "github.com/technoweenie/multipartstreamer"
  packages = ["."]
  pruneopts = ""
  revision = "a90a01d73ae432e2611d178c18367fbaa13e0154"
  version = "v1.0.1"

[[projects]]
  digest = "1:c4404231035fad619a12f82ae3f0f8f9edc1cc7f34e7edad7a28ccac5336cc96"
  name = "google.golang.org/appengine"
  packages = ["cloudsql"]
  pruneopts = ""
  revision = "971852bfffca25b069c31162ae8f247a3dba083b"
  version = "v1.6.5"

[solve-meta]
  analyzer-name = "dep"
  analyzer-version = 1
  input-imports = [
    "github.com/go-sql-driver/mysql",
    "github.com/go-telegram-bot-api/telegram-bot-api",
    "github.com/streadway/amqp",
  ]
  solver-name = "gps-cdcl"
  solver-version = 1
